{
    "name": "node-red-project",
    "version": "0.0.1",
    "lockfileVersion": 3,
    "requires": true,
    "packages": {
        "": {
            "name": "node-red-project",
            "version": "0.0.1"
        },
        "../../externaltask": {
            "name": "node-red-contrib-externaltask",
            "extraneous": true,
            "dependencies": {
                "@5minds/processcube_engine_client": "^4.4.5"
            }
        }
    }
}
